
Microsoft Visual Studio Solution File, Format Version 12.00
# Visual Studio 2012
Project("{FAE04EC0-301F-11D3-BF4B-00C04F79EFBC}") = "ArtisDataFiller", "ArtisDataFiller\ArtisDataFiller.csproj", "{5A1F9B8C-5952-4A7E-A689-189A70AC336B}"
EndProject
Project("{FAE04EC0-301F-11D3-BF4B-00C04F79EFBC}") = "DataLoader", "DataFiller\DataLoader.csproj", "{6C8311FE-56B7-4C4E-AC85-1F5A7B065391}"
EndProject
Project("{FAE04EC0-301F-11D3-BF4B-00C04F79EFBC}") = "Logger", "Logger\Logger.csproj", "{3AE6D2B3-FFFF-43B3-B225-062214EE5FAD}"
EndProject
Project("{FAE04EC0-301F-11D3-BF4B-00C04F79EFBC}") = "DBConnector", "Data\DBConnector.csproj", "{4BC0AB1E-0B81-4FBE-83E0-8FFAFA4A5EF5}"
EndProject
Project("{FAE04EC0-301F-11D3-BF4B-00C04F79EFBC}") = "DataFiller", "ActionParser\DataFiller.csproj", "{02E06A4D-C79F-408A-B5B3-0F363C647AE9}"
EndProject
Project("{FAE04EC0-301F-11D3-BF4B-00C04F79EFBC}") = "Consts", "Consts\Consts.csproj", "{8D331482-2207-4C27-92BA-F5676BF2A80A}"
EndProject
Project("{2150E333-8FDC-42A3-9474-1A3956D46DE8}") = "UI", "UI", "{5B2A1339-1C41-46F0-B86D-69665CD16759}"
EndProject
Project("{2150E333-8FDC-42A3-9474-1A3956D46DE8}") = "BusinessLogic", "BusinessLogic", "{3441A868-02F6-428B-BB6E-8C2F76578B76}"
EndProject
Global
	GlobalSection(SolutionConfigurationPlatforms) = preSolution
		Debug|Any CPU = Debug|Any CPU
		Release|Any CPU = Release|Any CPU
	EndGlobalSection
	GlobalSection(ProjectConfigurationPlatforms) = postSolution
		{5A1F9B8C-5952-4A7E-A689-189A70AC336B}.Debug|Any CPU.ActiveCfg = Debug|Any CPU
		{5A1F9B8C-5952-4A7E-A689-189A70AC336B}.Debug|Any CPU.Build.0 = Debug|Any CPU
		{5A1F9B8C-5952-4A7E-A689-189A70AC336B}.Release|Any CPU.ActiveCfg = Release|Any CPU
		{5A1F9B8C-5952-4A7E-A689-189A70AC336B}.Release|Any CPU.Build.0 = Release|Any CPU
		{6C8311FE-56B7-4C4E-AC85-1F5A7B065391}.Debug|Any CPU.ActiveCfg = Debug|Any CPU
		{6C8311FE-56B7-4C4E-AC85-1F5A7B065391}.Debug|Any CPU.Build.0 = Debug|Any CPU
		{6C8311FE-56B7-4C4E-AC85-1F5A7B065391}.Release|Any CPU.ActiveCfg = Release|Any CPU
		{6C8311FE-56B7-4C4E-AC85-1F5A7B065391}.Release|Any CPU.Build.0 = Release|Any CPU
		{3AE6D2B3-FFFF-43B3-B225-062214EE5FAD}.Debug|Any CPU.ActiveCfg = Debug|Any CPU
		{3AE6D2B3-FFFF-43B3-B225-062214EE5FAD}.Debug|Any CPU.Build.0 = Debug|Any CPU
		{3AE6D2B3-FFFF-43B3-B225-062214EE5FAD}.Release|Any CPU.ActiveCfg = Release|Any CPU
		{3AE6D2B3-FFFF-43B3-B225-062214EE5FAD}.Release|Any CPU.Build.0 = Release|Any CPU
		{4BC0AB1E-0B81-4FBE-83E0-8FFAFA4A5EF5}.Debug|Any CPU.ActiveCfg = Debug|Any CPU
		{4BC0AB1E-0B81-4FBE-83E0-8FFAFA4A5EF5}.Debug|Any CPU.Build.0 = Debug|Any CPU
		{4BC0AB1E-0B81-4FBE-83E0-8FFAFA4A5EF5}.Release|Any CPU.ActiveCfg = Release|Any CPU
		{4BC0AB1E-0B81-4FBE-83E0-8FFAFA4A5EF5}.Release|Any CPU.Build.0 = Release|Any CPU
		{02E06A4D-C79F-408A-B5B3-0F363C647AE9}.Debug|Any CPU.ActiveCfg = Debug|Any CPU
		{02E06A4D-C79F-408A-B5B3-0F363C647AE9}.Debug|Any CPU.Build.0 = Debug|Any CPU
		{02E06A4D-C79F-408A-B5B3-0F363C647AE9}.Release|Any CPU.ActiveCfg = Release|Any CPU
		{02E06A4D-C79F-408A-B5B3-0F363C647AE9}.Release|Any CPU.Build.0 = Release|Any CPU
		{8D331482-2207-4C27-92BA-F5676BF2A80A}.Debug|Any CPU.ActiveCfg = Debug|Any CPU
		{8D331482-2207-4C27-92BA-F5676BF2A80A}.Debug|Any CPU.Build.0 = Debug|Any CPU
		{8D331482-2207-4C27-92BA-F5676BF2A80A}.Release|Any CPU.ActiveCfg = Release|Any CPU
		{8D331482-2207-4C27-92BA-F5676BF2A80A}.Release|Any CPU.Build.0 = Release|Any CPU
	EndGlobalSection
	GlobalSection(SolutionProperties) = preSolution
		HideSolutionNode = FALSE
	EndGlobalSection
	GlobalSection(NestedProjects) = preSolution
		{5A1F9B8C-5952-4A7E-A689-189A70AC336B} = {5B2A1339-1C41-46F0-B86D-69665CD16759}
		{3AE6D2B3-FFFF-43B3-B225-062214EE5FAD} = {3441A868-02F6-428B-BB6E-8C2F76578B76}
		{4BC0AB1E-0B81-4FBE-83E0-8FFAFA4A5EF5} = {3441A868-02F6-428B-BB6E-8C2F76578B76}
		{02E06A4D-C79F-408A-B5B3-0F363C647AE9} = {3441A868-02F6-428B-BB6E-8C2F76578B76}
		{8D331482-2207-4C27-92BA-F5676BF2A80A} = {3441A868-02F6-428B-BB6E-8C2F76578B76}
		{6C8311FE-56B7-4C4E-AC85-1F5A7B065391} = {3441A868-02F6-428B-BB6E-8C2F76578B76}
	EndGlobalSection
EndGlobal
